
Microsoft Visual Studio Solution File, Format Version 12.00
# Visual Studio Version 16
VisualStudioVersion = 16.0.30128.74
MinimumVisualStudioVersion = 10.0.40219.1
Project("{FAE04EC0-301F-11D3-BF4B-00C04F79EFBC}") = "Webprojekt_Niederhauser", "Webprojekt_Niederhauser\Webprojekt_Niederhauser.csproj", "{290C12C3-0E20-4696-8E31-C35C174983AA}"
EndProject
Global
	GlobalSection(SolutionConfigurationPlatforms) = preSolution
		Debug|Any CPU = Debug|Any CPU
		Release|Any CPU = Release|Any CPU
	EndGlobalSection
	GlobalSection(ProjectConfigurationPlatforms) = postSolution
		{290C12C3-0E20-4696-8E31-C35C174983AA}.Debug|Any CPU.ActiveCfg = Debug|Any CPU
		{290C12C3-0E20-4696-8E31-C35C174983AA}.Debug|Any CPU.Build.0 = Debug|Any CPU
		{290C12C3-0E20-4696-8E31-C35C174983AA}.Release|Any CPU.ActiveCfg = Release|Any CPU
		{290C12C3-0E20-4696-8E31-C35C174983AA}.Release|Any CPU.Build.0 = Release|Any CPU
	EndGlobalSection
	GlobalSection(SolutionProperties) = preSolution
		HideSolutionNode = FALSE
	EndGlobalSection
	GlobalSection(ExtensibilityGlobals) = postSolution
		SolutionGuid = {C3AF6D25-E3D2-463D-8232-419AC51F8A32}
	EndGlobalSection
EndGlobal
